
Microsoft Visual Studio Solution File, Format Version 12.00
# Visual Studio Version 16
VisualStudioVersion = 16.0.32901.82
MinimumVisualStudioVersion = 10.0.40219.1
Project("{FAE04EC0-301F-11D3-BF4B-00C04F79EFBC}") = "ProjectTraning", "ProjectTraning.csproj", "{FABB97F9-EEFB-474F-A4C0-D03918775E2A}"
EndProject
Global
	GlobalSection(SolutionConfigurationPlatforms) = preSolution
		Debug|Any CPU = Debug|Any CPU
		Release|Any CPU = Release|Any CPU
	EndGlobalSection
	GlobalSection(ProjectConfigurationPlatforms) = postSolution
		{FABB97F9-EEFB-474F-A4C0-D03918775E2A}.Debug|Any CPU.ActiveCfg = Debug|Any CPU
		{FABB97F9-EEFB-474F-A4C0-D03918775E2A}.Debug|Any CPU.Build.0 = Debug|Any CPU
		{FABB97F9-EEFB-474F-A4C0-D03918775E2A}.Release|Any CPU.ActiveCfg = Release|Any CPU
		{FABB97F9-EEFB-474F-A4C0-D03918775E2A}.Release|Any CPU.Build.0 = Release|Any CPU
	EndGlobalSection
	GlobalSection(SolutionProperties) = preSolution
		HideSolutionNode = FALSE
	EndGlobalSection
	GlobalSection(ExtensibilityGlobals) = postSolution
		SolutionGuid = {DBF8B991-42B3-4A14-8251-C6D646321428}
	EndGlobalSection
EndGlobal
